
Microsoft Visual Studio Solution File, Format Version 12.00
# Visual Studio Version 17
VisualStudioVersion = 17.11.35222.181
MinimumVisualStudioVersion = 10.0.40219.1
Project("{FAE04EC0-301F-11D3-BF4B-00C04F79EFBC}") = "Contact_management", "WinFormsApp1\Contact_management.csproj", "{EA125255-0D43-476E-83D8-B625EC9CFF80}"
EndProject
Global
	GlobalSection(SolutionConfigurationPlatforms) = preSolution
		Debug|Any CPU = Debug|Any CPU
		Release|Any CPU = Release|Any CPU
	EndGlobalSection
	GlobalSection(ProjectConfigurationPlatforms) = postSolution
		{EA125255-0D43-476E-83D8-B625EC9CFF80}.Debug|Any CPU.ActiveCfg = Debug|Any CPU
		{EA125255-0D43-476E-83D8-B625EC9CFF80}.Debug|Any CPU.Build.0 = Debug|Any CPU
		{EA125255-0D43-476E-83D8-B625EC9CFF80}.Release|Any CPU.ActiveCfg = Release|Any CPU
		{EA125255-0D43-476E-83D8-B625EC9CFF80}.Release|Any CPU.Build.0 = Release|Any CPU
	EndGlobalSection
	GlobalSection(SolutionProperties) = preSolution
		HideSolutionNode = FALSE
	EndGlobalSection
	GlobalSection(ExtensibilityGlobals) = postSolution
		SolutionGuid = {A7507076-E521-4A1D-A3E3-489511E216EB}
	EndGlobalSection
EndGlobal
